
Microsoft Visual Studio Solution File, Format Version 12.00
# Visual Studio 15
VisualStudioVersion = 15.0.27428.2037
MinimumVisualStudioVersion = 10.0.40219.1
Project("{2150E333-8FDC-42A3-9474-1A3956D46DE8}") = "Framework", "Framework", "{0631AAC4-FD6F-47FB-9B3E-7FF95E8C67C5}"
EndProject
Project("{2150E333-8FDC-42A3-9474-1A3956D46DE8}") = "Extensions", "Extensions", "{A7A68260-004D-455C-AE56-BFC3AB1136B2}"
EndProject
Project("{2150E333-8FDC-42A3-9474-1A3956D46DE8}") = "OPMediaBase", "OPMediaBase", "{1101B967-4322-4698-8D82-83DA0B0DACFD}"
EndProject
Project("{2150E333-8FDC-42A3-9474-1A3956D46DE8}") = "ProTONE", "ProTONE", "{114014C8-9E85-476A-9BD3-036DE649D6CB}"
EndProject
Project("{2150E333-8FDC-42A3-9474-1A3956D46DE8}") = "Solution Items", "Solution Items", "{4EE48AD0-EB1A-46F0-BF87-2587913815BF}"
	ProjectSection(SolutionItems) = preProject
		Installers\Include\CustomMessages.iss = Installers\Include\CustomMessages.iss
		..\..\ProTONE Suite.build = ..\..\ProTONE Suite.build
		Installers\ProtoneSuite.iss = Installers\ProtoneSuite.iss
		Installers\Include\SetupCode.pas = Installers\Include\SetupCode.pas
		..\..\Versions_build.txt = ..\..\Versions_build.txt
	EndProjectSection
EndProject
Project("{FAE04EC0-301F-11D3-BF4B-00C04F79EFBC}") = "OPMedia.MediaLibrary", "Applications\OPMedia.MediaLibrary\OPMedia.MediaLibrary.csproj", "{83EB55B7-DC25-4D02-B6A1-282D29033829}"
EndProject
Project("{FAE04EC0-301F-11D3-BF4B-00C04F79EFBC}") = "OPMedia.Addons.Builtin", "Extensions\OPMedia.Addons.Builtin\OPMedia.Addons.Builtin.csproj", "{6F8F065A-62A9-48D7-AADC-5E59CBCD1D3A}"
EndProject
Project("{FAE04EC0-301F-11D3-BF4B-00C04F79EFBC}") = "OPMedia.ProTONE", "Applications\OPMedia.ProTONE\OPMedia.ProTONE.csproj", "{6D148B9D-5B38-4B24-93C8-4B86DDF6D1C6}"
EndProject
Project("{FAE04EC0-301F-11D3-BF4B-00C04F79EFBC}") = "OPMedia.Runtime", "Framework\OPMediaBase\OPMedia.Runtime\OPMedia.Runtime.csproj", "{0A0114C0-4409-42F3-940C-31038104261C}"
EndProject
Project("{FAE04EC0-301F-11D3-BF4B-00C04F79EFBC}") = "OPMedia.Runtime.Addons", "Framework\OPMediaBase\OPMedia.Runtime.Addons\OPMedia.Runtime.Addons.csproj", "{EAD6662B-2B4A-47A8-A82B-B44463668177}"
EndProject
Project("{FAE04EC0-301F-11D3-BF4B-00C04F79EFBC}") = "OPMedia.UI", "Framework\OPMediaBase\OPMedia.UI\OPMedia.UI.csproj", "{3405ACFC-77F4-470D-BF75-4754A8214998}"
EndProject
Project("{FAE04EC0-301F-11D3-BF4B-00C04F79EFBC}") = "OPMedia.Runtime.ProTONE", "Framework\ProTONE\OPMedia.Runtime.ProTONE\OPMedia.Runtime.ProTONE.csproj", "{8C047807-786E-4B9C-8DF5-1DF99F75C874}"
EndProject
Project("{FAE04EC0-301F-11D3-BF4B-00C04F79EFBC}") = "OPMedia.UI.ProTONE", "Framework\ProTONE\OPMedia.UI.ProTONE\OPMedia.UI.ProTONE.csproj", "{742E1775-5F08-40E3-97D1-E0EEEB7198F4}"
EndProject
Project("{FAE04EC0-301F-11D3-BF4B-00C04F79EFBC}") = "OPMedia.PersistenceService", "Framework\OPMediaBase\OPMedia.PersistenceService\OPMedia.PersistenceService.csproj", "{B34154DC-D0F2-4D9C-9BCD-97EF4BA3E958}"
EndProject
Project("{FAE04EC0-301F-11D3-BF4B-00C04F79EFBC}") = "OPMedia.DeezerInterop", "Framework\DeezerInterop\OPMedia.DeezerInterop.csproj", "{41D162BD-95F4-4348-B353-93BA1C3923B4}"
EndProject
Project("{FAE04EC0-301F-11D3-BF4B-00C04F79EFBC}") = "OPMedia.DeezerWorker", "Applications\OPMedia.DeezerWorker\OPMedia.DeezerWorker.csproj", "{881231F8-0F43-453B-81A3-04C8A44F08DB}"
EndProject
Project("{FAE04EC0-301F-11D3-BF4B-00C04F79EFBC}") = "package-builder", "package-builder\package-builder.csproj", "{76033137-7758-4B97-B2A5-D7C135419E72}"
EndProject
Project("{FAE04EC0-301F-11D3-BF4B-00C04F79EFBC}") = "OPMedia.ShoutcastWorker", "Framework\ProTONE\OPMedia.ShoutcastWorker\OPMedia.ShoutcastWorker.csproj", "{E4C16001-BC44-411C-987E-6301EC29BA16}"
EndProject
Project("{FAE04EC0-301F-11D3-BF4B-00C04F79EFBC}") = "OPMedia.AudioWorker", "Framework\ProTONE\OPMedia.AudioWorker\OPMedia.AudioWorker.csproj", "{5A705454-4DDA-42CE-ABEE-03B9899C91F6}"
EndProject
Project("{2150E333-8FDC-42A3-9474-1A3956D46DE8}") = "Workers", "Workers", "{05C5855D-D6FE-4832-89F9-FFDC4A8993E1}"
EndProject
Project("{2150E333-8FDC-42A3-9474-1A3956D46DE8}") = "Galaxy", "Galaxy", "{8EC4ABCD-EFEC-4BAF-A5DE-008A59A76343}"
EndProject
Project("{FAE04EC0-301F-11D3-BF4B-00C04F79EFBC}") = "OPMedia.GalaxyService", "Framework\ProTONE\OPMedia.GalaxyService\OPMedia.GalaxyService.csproj", "{79B56F25-0D75-4EC1-A1DA-627DB46BFF3C}"
EndProject
Project("{FAE04EC0-301F-11D3-BF4B-00C04F79EFBC}") = "OPMedia.VideoWorker", "Framework\ProTONE\OPMedia.VideoWorker\OPMedia.VideoWorker.csproj", "{C80D4F91-6E1B-40EF-8B5E-39257D000561}"
EndProject
Project("{FAE04EC0-301F-11D3-BF4B-00C04F79EFBC}") = "OPMedia.AudioCdWorker", "Framework\ProTONE\OPMedia.AudioCdWorker\OPMedia.AudioCdWorker.csproj", "{4D74BE50-0F8C-4B99-9E78-723F54CD5973}"
EndProject
Project("{FAE04EC0-301F-11D3-BF4B-00C04F79EFBC}") = "OPMedia.VideoDVDWorker", "Framework\ProTONE\OPMedia.VideoDVDWorker\OPMedia.VideoDVDWorker.csproj", "{687F92F3-7B8D-421A-BE43-4F2B40AEC69A}"
EndProject
Project("{FAE04EC0-301F-11D3-BF4B-00C04F79EFBC}") = "OPMedia.LiteCore", "Framework\OPMediaBase\OPMedia.LiteCore\OPMedia.LiteCore.csproj", "{D7F86F2D-8754-4ED2-B28D-3073517CC237}"
	ProjectSection(ProjectDependencies) = postProject
		{76033137-7758-4B97-B2A5-D7C135419E72} = {76033137-7758-4B97-B2A5-D7C135419E72}
	EndProjectSection
EndProject
Project("{FAE04EC0-301F-11D3-BF4B-00C04F79EFBC}") = "OPMedia.Core", "Framework\OPMediaBase\OPMedia.Core\OPMedia.Core.csproj", "{D75C6E16-0208-40FD-8C54-F073667F5384}"
EndProject
Project("{FAE04EC0-301F-11D3-BF4B-00C04F79EFBC}") = "OPMedia.ShellSupport", "Extensions\OPMedia.ShellSupport\OPMedia.ShellSupport.csproj", "{1988DB5F-1FA6-4648-939E-89F11761FB94}"
EndProject
Project("{2150E333-8FDC-42A3-9474-1A3956D46DE8}") = "Applications", "Applications", "{938C8AAA-FB3E-438C-B3F3-AB2CBE669FD9}"
EndProject
Project("{FAE04EC0-301F-11D3-BF4B-00C04F79EFBC}") = "OPMedia.SkinBuilder", "Applications\OPMedia.SkinBuilder\OPMedia.SkinBuilder.csproj", "{9CE3BFAB-D572-4BB7-88AC-6379841C23D0}"
EndProject
Project("{FAE04EC0-301F-11D3-BF4B-00C04F79EFBC}") = "SkinBuilder", "Extensions\SkinBuilder\SkinBuilder.csproj", "{FCB8AB1F-B2E7-4C65-A45D-D8E612B3BA3F}"
EndProject
Project("{2150E333-8FDC-42A3-9474-1A3956D46DE8}") = "WinServices", "WinServices", "{CB4C186D-F85C-4057-97D6-18AE5168CD45}"
EndProject
Project("{FAE04EC0-301F-11D3-BF4B-00C04F79EFBC}") = "OPMedia.RemoteControlEmulator", "Applications\OPMedia.RemoteControlEmulator\OPMedia.RemoteControlEmulator.csproj", "{9603D04E-CCD3-471A-A454-24CE2D48F047}"
EndProject
Global
	GlobalSection(SolutionConfigurationPlatforms) = preSolution
		Build|Any CPU = Build|Any CPU
		Build|x86 = Build|x86
		Debug|Any CPU = Debug|Any CPU
		Debug|x86 = Debug|x86
		Release|Any CPU = Release|Any CPU
		Release|x86 = Release|x86
	EndGlobalSection
	GlobalSection(ProjectConfigurationPlatforms) = postSolution
		{83EB55B7-DC25-4D02-B6A1-282D29033829}.Build|Any CPU.ActiveCfg = Release|Any CPU
		{83EB55B7-DC25-4D02-B6A1-282D29033829}.Build|Any CPU.Build.0 = Release|Any CPU
		{83EB55B7-DC25-4D02-B6A1-282D29033829}.Build|x86.ActiveCfg = Release|Any CPU
		{83EB55B7-DC25-4D02-B6A1-282D29033829}.Build|x86.Build.0 = Release|Any CPU
		{83EB55B7-DC25-4D02-B6A1-282D29033829}.Debug|Any CPU.ActiveCfg = Debug|Any CPU
		{83EB55B7-DC25-4D02-B6A1-282D29033829}.Debug|Any CPU.Build.0 = Debug|Any CPU
		{83EB55B7-DC25-4D02-B6A1-282D29033829}.Debug|x86.ActiveCfg = Debug|Any CPU
		{83EB55B7-DC25-4D02-B6A1-282D29033829}.Debug|x86.Build.0 = Debug|Any CPU
		{83EB55B7-DC25-4D02-B6A1-282D29033829}.Release|Any CPU.ActiveCfg = Release|Any CPU
		{83EB55B7-DC25-4D02-B6A1-282D29033829}.Release|Any CPU.Build.0 = Release|Any CPU
		{83EB55B7-DC25-4D02-B6A1-282D29033829}.Release|x86.ActiveCfg = Release|Any CPU
		{83EB55B7-DC25-4D02-B6A1-282D29033829}.Release|x86.Build.0 = Release|Any CPU
		{6F8F065A-62A9-48D7-AADC-5E59CBCD1D3A}.Build|Any CPU.ActiveCfg = Release|Any CPU
		{6F8F065A-62A9-48D7-AADC-5E59CBCD1D3A}.Build|Any CPU.Build.0 = Release|Any CPU
		{6F8F065A-62A9-48D7-AADC-5E59CBCD1D3A}.Build|x86.ActiveCfg = Release|Any CPU
		{6F8F065A-62A9-48D7-AADC-5E59CBCD1D3A}.Build|x86.Build.0 = Release|Any CPU
		{6F8F065A-62A9-48D7-AADC-5E59CBCD1D3A}.Debug|Any CPU.ActiveCfg = Debug|Any CPU
		{6F8F065A-62A9-48D7-AADC-5E59CBCD1D3A}.Debug|Any CPU.Build.0 = Debug|Any CPU
		{6F8F065A-62A9-48D7-AADC-5E59CBCD1D3A}.Debug|x86.ActiveCfg = Debug|Any CPU
		{6F8F065A-62A9-48D7-AADC-5E59CBCD1D3A}.Debug|x86.Build.0 = Debug|Any CPU
		{6F8F065A-62A9-48D7-AADC-5E59CBCD1D3A}.Release|Any CPU.ActiveCfg = Release|Any CPU
		{6F8F065A-62A9-48D7-AADC-5E59CBCD1D3A}.Release|Any CPU.Build.0 = Release|Any CPU
		{6F8F065A-62A9-48D7-AADC-5E59CBCD1D3A}.Release|x86.ActiveCfg = Release|Any CPU
		{6F8F065A-62A9-48D7-AADC-5E59CBCD1D3A}.Release|x86.Build.0 = Release|Any CPU
		{6D148B9D-5B38-4B24-93C8-4B86DDF6D1C6}.Build|Any CPU.ActiveCfg = Release|Any CPU
		{6D148B9D-5B38-4B24-93C8-4B86DDF6D1C6}.Build|Any CPU.Build.0 = Release|Any CPU
		{6D148B9D-5B38-4B24-93C8-4B86DDF6D1C6}.Build|x86.ActiveCfg = Release|Any CPU
		{6D148B9D-5B38-4B24-93C8-4B86DDF6D1C6}.Build|x86.Build.0 = Release|Any CPU
		{6D148B9D-5B38-4B24-93C8-4B86DDF6D1C6}.Debug|Any CPU.ActiveCfg = Debug|Any CPU
		{6D148B9D-5B38-4B24-93C8-4B86DDF6D1C6}.Debug|Any CPU.Build.0 = Debug|Any CPU
		{6D148B9D-5B38-4B24-93C8-4B86DDF6D1C6}.Debug|x86.ActiveCfg = Debug|Any CPU
		{6D148B9D-5B38-4B24-93C8-4B86DDF6D1C6}.Debug|x86.Build.0 = Debug|Any CPU
		{6D148B9D-5B38-4B24-93C8-4B86DDF6D1C6}.Release|Any CPU.ActiveCfg = Release|Any CPU
		{6D148B9D-5B38-4B24-93C8-4B86DDF6D1C6}.Release|Any CPU.Build.0 = Release|Any CPU
		{6D148B9D-5B38-4B24-93C8-4B86DDF6D1C6}.Release|x86.ActiveCfg = Release|Any CPU
		{6D148B9D-5B38-4B24-93C8-4B86DDF6D1C6}.Release|x86.Build.0 = Release|Any CPU
		{0A0114C0-4409-42F3-940C-31038104261C}.Build|Any CPU.ActiveCfg = Release|Any CPU
		{0A0114C0-4409-42F3-940C-31038104261C}.Build|Any CPU.Build.0 = Release|Any CPU
		{0A0114C0-4409-42F3-940C-31038104261C}.Build|x86.ActiveCfg = Release|Any CPU
		{0A0114C0-4409-42F3-940C-31038104261C}.Build|x86.Build.0 = Release|Any CPU
		{0A0114C0-4409-42F3-940C-31038104261C}.Debug|Any CPU.ActiveCfg = Debug|Any CPU
		{0A0114C0-4409-42F3-940C-31038104261C}.Debug|Any CPU.Build.0 = Debug|Any CPU
		{0A0114C0-4409-42F3-940C-31038104261C}.Debug|x86.ActiveCfg = Debug|Any CPU
		{0A0114C0-4409-42F3-940C-31038104261C}.Debug|x86.Build.0 = Debug|Any CPU
		{0A0114C0-4409-42F3-940C-31038104261C}.Release|Any CPU.ActiveCfg = Release|Any CPU
		{0A0114C0-4409-42F3-940C-31038104261C}.Release|Any CPU.Build.0 = Release|Any CPU
		{0A0114C0-4409-42F3-940C-31038104261C}.Release|x86.ActiveCfg = Release|Any CPU
		{0A0114C0-4409-42F3-940C-31038104261C}.Release|x86.Build.0 = Release|Any CPU
		{EAD6662B-2B4A-47A8-A82B-B44463668177}.Build|Any CPU.ActiveCfg = Release|Any CPU
		{EAD6662B-2B4A-47A8-A82B-B44463668177}.Build|Any CPU.Build.0 = Release|Any CPU
		{EAD6662B-2B4A-47A8-A82B-B44463668177}.Build|x86.ActiveCfg = Release|Any CPU
		{EAD6662B-2B4A-47A8-A82B-B44463668177}.Build|x86.Build.0 = Release|Any CPU
		{EAD6662B-2B4A-47A8-A82B-B44463668177}.Debug|Any CPU.ActiveCfg = Debug|Any CPU
		{EAD6662B-2B4A-47A8-A82B-B44463668177}.Debug|Any CPU.Build.0 = Debug|Any CPU
		{EAD6662B-2B4A-47A8-A82B-B44463668177}.Debug|x86.ActiveCfg = Debug|Any CPU
		{EAD6662B-2B4A-47A8-A82B-B44463668177}.Debug|x86.Build.0 = Debug|Any CPU
		{EAD6662B-2B4A-47A8-A82B-B44463668177}.Release|Any CPU.ActiveCfg = Release|Any CPU
		{EAD6662B-2B4A-47A8-A82B-B44463668177}.Release|Any CPU.Build.0 = Release|Any CPU
		{EAD6662B-2B4A-47A8-A82B-B44463668177}.Release|x86.ActiveCfg = Release|Any CPU
		{EAD6662B-2B4A-47A8-A82B-B44463668177}.Release|x86.Build.0 = Release|Any CPU
		{3405ACFC-77F4-470D-BF75-4754A8214998}.Build|Any CPU.ActiveCfg = Release|Any CPU
		{3405ACFC-77F4-470D-BF75-4754A8214998}.Build|Any CPU.Build.0 = Release|Any CPU
		{3405ACFC-77F4-470D-BF75-4754A8214998}.Build|x86.ActiveCfg = Release|Any CPU
		{3405ACFC-77F4-470D-BF75-4754A8214998}.Build|x86.Build.0 = Release|Any CPU
		{3405ACFC-77F4-470D-BF75-4754A8214998}.Debug|Any CPU.ActiveCfg = Debug|Any CPU
		{3405ACFC-77F4-470D-BF75-4754A8214998}.Debug|Any CPU.Build.0 = Debug|Any CPU
		{3405ACFC-77F4-470D-BF75-4754A8214998}.Debug|x86.ActiveCfg = Debug|Any CPU
		{3405ACFC-77F4-470D-BF75-4754A8214998}.Debug|x86.Build.0 = Debug|Any CPU
		{3405ACFC-77F4-470D-BF75-4754A8214998}.Release|Any CPU.ActiveCfg = Release|Any CPU
		{3405ACFC-77F4-470D-BF75-4754A8214998}.Release|Any CPU.Build.0 = Release|Any CPU
		{3405ACFC-77F4-470D-BF75-4754A8214998}.Release|x86.ActiveCfg = Release|Any CPU
		{3405ACFC-77F4-470D-BF75-4754A8214998}.Release|x86.Build.0 = Release|Any CPU
		{8C047807-786E-4B9C-8DF5-1DF99F75C874}.Build|Any CPU.ActiveCfg = Release|Any CPU
		{8C047807-786E-4B9C-8DF5-1DF99F75C874}.Build|Any CPU.Build.0 = Release|Any CPU
		{8C047807-786E-4B9C-8DF5-1DF99F75C874}.Build|x86.ActiveCfg = Release|Any CPU
		{8C047807-786E-4B9C-8DF5-1DF99F75C874}.Build|x86.Build.0 = Release|Any CPU
		{8C047807-786E-4B9C-8DF5-1DF99F75C874}.Debug|Any CPU.ActiveCfg = Debug|Any CPU
		{8C047807-786E-4B9C-8DF5-1DF99F75C874}.Debug|Any CPU.Build.0 = Debug|Any CPU
		{8C047807-786E-4B9C-8DF5-1DF99F75C874}.Debug|x86.ActiveCfg = Debug|Any CPU
		{8C047807-786E-4B9C-8DF5-1DF99F75C874}.Debug|x86.Build.0 = Debug|Any CPU
		{8C047807-786E-4B9C-8DF5-1DF99F75C874}.Release|Any CPU.ActiveCfg = Release|Any CPU
		{8C047807-786E-4B9C-8DF5-1DF99F75C874}.Release|Any CPU.Build.0 = Release|Any CPU
		{8C047807-786E-4B9C-8DF5-1DF99F75C874}.Release|x86.ActiveCfg = Release|Any CPU
		{8C047807-786E-4B9C-8DF5-1DF99F75C874}.Release|x86.Build.0 = Release|Any CPU
		{742E1775-5F08-40E3-97D1-E0EEEB7198F4}.Build|Any CPU.ActiveCfg = Release|Any CPU
		{742E1775-5F08-40E3-97D1-E0EEEB7198F4}.Build|Any CPU.Build.0 = Release|Any CPU
		{742E1775-5F08-40E3-97D1-E0EEEB7198F4}.Build|x86.ActiveCfg = Release|Any CPU
		{742E1775-5F08-40E3-97D1-E0EEEB7198F4}.Build|x86.Build.0 = Release|Any CPU
		{742E1775-5F08-40E3-97D1-E0EEEB7198F4}.Debug|Any CPU.ActiveCfg = Debug|Any CPU
		{742E1775-5F08-40E3-97D1-E0EEEB7198F4}.Debug|Any CPU.Build.0 = Debug|Any CPU
		{742E1775-5F08-40E3-97D1-E0EEEB7198F4}.Debug|x86.ActiveCfg = Debug|Any CPU
		{742E1775-5F08-40E3-97D1-E0EEEB7198F4}.Debug|x86.Build.0 = Debug|Any CPU
		{742E1775-5F08-40E3-97D1-E0EEEB7198F4}.Release|Any CPU.ActiveCfg = Release|Any CPU
		{742E1775-5F08-40E3-97D1-E0EEEB7198F4}.Release|Any CPU.Build.0 = Release|Any CPU
		{742E1775-5F08-40E3-97D1-E0EEEB7198F4}.Release|x86.ActiveCfg = Release|Any CPU
		{742E1775-5F08-40E3-97D1-E0EEEB7198F4}.Release|x86.Build.0 = Release|Any CPU
		{B34154DC-D0F2-4D9C-9BCD-97EF4BA3E958}.Build|Any CPU.ActiveCfg = Release|Any CPU
		{B34154DC-D0F2-4D9C-9BCD-97EF4BA3E958}.Build|Any CPU.Build.0 = Release|Any CPU
		{B34154DC-D0F2-4D9C-9BCD-97EF4BA3E958}.Build|x86.ActiveCfg = Release|x86
		{B34154DC-D0F2-4D9C-9BCD-97EF4BA3E958}.Build|x86.Build.0 = Release|x86
		{B34154DC-D0F2-4D9C-9BCD-97EF4BA3E958}.Debug|Any CPU.ActiveCfg = Debug|Any CPU
		{B34154DC-D0F2-4D9C-9BCD-97EF4BA3E958}.Debug|Any CPU.Build.0 = Debug|Any CPU
		{B34154DC-D0F2-4D9C-9BCD-97EF4BA3E958}.Debug|x86.ActiveCfg = Debug|x86
		{B34154DC-D0F2-4D9C-9BCD-97EF4BA3E958}.Debug|x86.Build.0 = Debug|x86
		{B34154DC-D0F2-4D9C-9BCD-97EF4BA3E958}.Release|Any CPU.ActiveCfg = Release|Any CPU
		{B34154DC-D0F2-4D9C-9BCD-97EF4BA3E958}.Release|Any CPU.Build.0 = Release|Any CPU
		{B34154DC-D0F2-4D9C-9BCD-97EF4BA3E958}.Release|x86.ActiveCfg = Release|x86
		{B34154DC-D0F2-4D9C-9BCD-97EF4BA3E958}.Release|x86.Build.0 = Release|x86
		{41D162BD-95F4-4348-B353-93BA1C3923B4}.Build|Any CPU.ActiveCfg = Release|Any CPU
		{41D162BD-95F4-4348-B353-93BA1C3923B4}.Build|Any CPU.Build.0 = Release|Any CPU
		{41D162BD-95F4-4348-B353-93BA1C3923B4}.Build|x86.ActiveCfg = Release|Any CPU
		{41D162BD-95F4-4348-B353-93BA1C3923B4}.Build|x86.Build.0 = Release|Any CPU
		{41D162BD-95F4-4348-B353-93BA1C3923B4}.Debug|Any CPU.ActiveCfg = Debug|Any CPU
		{41D162BD-95F4-4348-B353-93BA1C3923B4}.Debug|Any CPU.Build.0 = Debug|Any CPU
		{41D162BD-95F4-4348-B353-93BA1C3923B4}.Debug|x86.ActiveCfg = Debug|Any CPU
		{41D162BD-95F4-4348-B353-93BA1C3923B4}.Debug|x86.Build.0 = Debug|Any CPU
		{41D162BD-95F4-4348-B353-93BA1C3923B4}.Release|Any CPU.ActiveCfg = Release|Any CPU
		{41D162BD-95F4-4348-B353-93BA1C3923B4}.Release|Any CPU.Build.0 = Release|Any CPU
		{41D162BD-95F4-4348-B353-93BA1C3923B4}.Release|x86.ActiveCfg = Release|Any CPU
		{41D162BD-95F4-4348-B353-93BA1C3923B4}.Release|x86.Build.0 = Release|Any CPU
		{881231F8-0F43-453B-81A3-04C8A44F08DB}.Build|Any CPU.ActiveCfg = Release|Any CPU
		{881231F8-0F43-453B-81A3-04C8A44F08DB}.Build|Any CPU.Build.0 = Release|Any CPU
		{881231F8-0F43-453B-81A3-04C8A44F08DB}.Build|x86.ActiveCfg = Release|Any CPU
		{881231F8-0F43-453B-81A3-04C8A44F08DB}.Build|x86.Build.0 = Release|Any CPU
		{881231F8-0F43-453B-81A3-04C8A44F08DB}.Debug|Any CPU.ActiveCfg = Debug|Any CPU
		{881231F8-0F43-453B-81A3-04C8A44F08DB}.Debug|Any CPU.Build.0 = Debug|Any CPU
		{881231F8-0F43-453B-81A3-04C8A44F08DB}.Debug|x86.ActiveCfg = Debug|Any CPU
		{881231F8-0F43-453B-81A3-04C8A44F08DB}.Debug|x86.Build.0 = Debug|Any CPU
		{881231F8-0F43-453B-81A3-04C8A44F08DB}.Release|Any CPU.ActiveCfg = Release|Any CPU
		{881231F8-0F43-453B-81A3-04C8A44F08DB}.Release|Any CPU.Build.0 = Release|Any CPU
		{881231F8-0F43-453B-81A3-04C8A44F08DB}.Release|x86.ActiveCfg = Release|Any CPU
		{881231F8-0F43-453B-81A3-04C8A44F08DB}.Release|x86.Build.0 = Release|Any CPU
		{76033137-7758-4B97-B2A5-D7C135419E72}.Build|Any CPU.ActiveCfg = Release|Any CPU
		{76033137-7758-4B97-B2A5-D7C135419E72}.Build|Any CPU.Build.0 = Release|Any CPU
		{76033137-7758-4B97-B2A5-D7C135419E72}.Build|x86.ActiveCfg = Release|Any CPU
		{76033137-7758-4B97-B2A5-D7C135419E72}.Build|x86.Build.0 = Release|Any CPU
		{76033137-7758-4B97-B2A5-D7C135419E72}.Debug|Any CPU.ActiveCfg = Debug|Any CPU
		{76033137-7758-4B97-B2A5-D7C135419E72}.Debug|Any CPU.Build.0 = Debug|Any CPU
		{76033137-7758-4B97-B2A5-D7C135419E72}.Debug|x86.ActiveCfg = Debug|Any CPU
		{76033137-7758-4B97-B2A5-D7C135419E72}.Debug|x86.Build.0 = Debug|Any CPU
		{76033137-7758-4B97-B2A5-D7C135419E72}.Release|Any CPU.ActiveCfg = Release|Any CPU
		{76033137-7758-4B97-B2A5-D7C135419E72}.Release|Any CPU.Build.0 = Release|Any CPU
		{76033137-7758-4B97-B2A5-D7C135419E72}.Release|x86.ActiveCfg = Release|Any CPU
		{76033137-7758-4B97-B2A5-D7C135419E72}.Release|x86.Build.0 = Release|Any CPU
		{E4C16001-BC44-411C-987E-6301EC29BA16}.Build|Any CPU.ActiveCfg = Release|Any CPU
		{E4C16001-BC44-411C-987E-6301EC29BA16}.Build|Any CPU.Build.0 = Release|Any CPU
		{E4C16001-BC44-411C-987E-6301EC29BA16}.Build|x86.ActiveCfg = Release|Any CPU
		{E4C16001-BC44-411C-987E-6301EC29BA16}.Build|x86.Build.0 = Release|Any CPU
		{E4C16001-BC44-411C-987E-6301EC29BA16}.Debug|Any CPU.ActiveCfg = Debug|Any CPU
		{E4C16001-BC44-411C-987E-6301EC29BA16}.Debug|Any CPU.Build.0 = Debug|Any CPU
		{E4C16001-BC44-411C-987E-6301EC29BA16}.Debug|x86.ActiveCfg = Debug|Any CPU
		{E4C16001-BC44-411C-987E-6301EC29BA16}.Debug|x86.Build.0 = Debug|Any CPU
		{E4C16001-BC44-411C-987E-6301EC29BA16}.Release|Any CPU.ActiveCfg = Release|Any CPU
		{E4C16001-BC44-411C-987E-6301EC29BA16}.Release|Any CPU.Build.0 = Release|Any CPU
		{E4C16001-BC44-411C-987E-6301EC29BA16}.Release|x86.ActiveCfg = Release|Any CPU
		{E4C16001-BC44-411C-987E-6301EC29BA16}.Release|x86.Build.0 = Release|Any CPU
		{5A705454-4DDA-42CE-ABEE-03B9899C91F6}.Build|Any CPU.ActiveCfg = Release|Any CPU
		{5A705454-4DDA-42CE-ABEE-03B9899C91F6}.Build|Any CPU.Build.0 = Release|Any CPU
		{5A705454-4DDA-42CE-ABEE-03B9899C91F6}.Build|x86.ActiveCfg = Release|Any CPU
		{5A705454-4DDA-42CE-ABEE-03B9899C91F6}.Build|x86.Build.0 = Release|Any CPU
		{5A705454-4DDA-42CE-ABEE-03B9899C91F6}.Debug|Any CPU.ActiveCfg = Debug|Any CPU
		{5A705454-4DDA-42CE-ABEE-03B9899C91F6}.Debug|Any CPU.Build.0 = Debug|Any CPU
		{5A705454-4DDA-42CE-ABEE-03B9899C91F6}.Debug|x86.ActiveCfg = Debug|Any CPU
		{5A705454-4DDA-42CE-ABEE-03B9899C91F6}.Debug|x86.Build.0 = Debug|Any CPU
		{5A705454-4DDA-42CE-ABEE-03B9899C91F6}.Release|Any CPU.ActiveCfg = Release|Any CPU
		{5A705454-4DDA-42CE-ABEE-03B9899C91F6}.Release|Any CPU.Build.0 = Release|Any CPU
		{5A705454-4DDA-42CE-ABEE-03B9899C91F6}.Release|x86.ActiveCfg = Release|Any CPU
		{5A705454-4DDA-42CE-ABEE-03B9899C91F6}.Release|x86.Build.0 = Release|Any CPU
		{79B56F25-0D75-4EC1-A1DA-627DB46BFF3C}.Build|Any CPU.ActiveCfg = Release|Any CPU
		{79B56F25-0D75-4EC1-A1DA-627DB46BFF3C}.Build|Any CPU.Build.0 = Release|Any CPU
		{79B56F25-0D75-4EC1-A1DA-627DB46BFF3C}.Build|x86.ActiveCfg = Release|x86
		{79B56F25-0D75-4EC1-A1DA-627DB46BFF3C}.Build|x86.Build.0 = Release|x86
		{79B56F25-0D75-4EC1-A1DA-627DB46BFF3C}.Debug|Any CPU.ActiveCfg = Debug|Any CPU
		{79B56F25-0D75-4EC1-A1DA-627DB46BFF3C}.Debug|Any CPU.Build.0 = Debug|Any CPU
		{79B56F25-0D75-4EC1-A1DA-627DB46BFF3C}.Debug|x86.ActiveCfg = Debug|x86
		{79B56F25-0D75-4EC1-A1DA-627DB46BFF3C}.Debug|x86.Build.0 = Debug|x86
		{79B56F25-0D75-4EC1-A1DA-627DB46BFF3C}.Release|Any CPU.ActiveCfg = Release|Any CPU
		{79B56F25-0D75-4EC1-A1DA-627DB46BFF3C}.Release|Any CPU.Build.0 = Release|Any CPU
		{79B56F25-0D75-4EC1-A1DA-627DB46BFF3C}.Release|x86.ActiveCfg = Release|x86
		{79B56F25-0D75-4EC1-A1DA-627DB46BFF3C}.Release|x86.Build.0 = Release|x86
		{C80D4F91-6E1B-40EF-8B5E-39257D000561}.Build|Any CPU.ActiveCfg = Release|Any CPU
		{C80D4F91-6E1B-40EF-8B5E-39257D000561}.Build|Any CPU.Build.0 = Release|Any CPU
		{C80D4F91-6E1B-40EF-8B5E-39257D000561}.Build|x86.ActiveCfg = Release|Any CPU
		{C80D4F91-6E1B-40EF-8B5E-39257D000561}.Build|x86.Build.0 = Release|Any CPU
		{C80D4F91-6E1B-40EF-8B5E-39257D000561}.Debug|Any CPU.ActiveCfg = Debug|Any CPU
		{C80D4F91-6E1B-40EF-8B5E-39257D000561}.Debug|Any CPU.Build.0 = Debug|Any CPU
		{C80D4F91-6E1B-40EF-8B5E-39257D000561}.Debug|x86.ActiveCfg = Debug|Any CPU
		{C80D4F91-6E1B-40EF-8B5E-39257D000561}.Debug|x86.Build.0 = Debug|Any CPU
		{C80D4F91-6E1B-40EF-8B5E-39257D000561}.Release|Any CPU.ActiveCfg = Release|Any CPU
		{C80D4F91-6E1B-40EF-8B5E-39257D000561}.Release|Any CPU.Build.0 = Release|Any CPU
		{C80D4F91-6E1B-40EF-8B5E-39257D000561}.Release|x86.ActiveCfg = Release|Any CPU
		{C80D4F91-6E1B-40EF-8B5E-39257D000561}.Release|x86.Build.0 = Release|Any CPU
		{4D74BE50-0F8C-4B99-9E78-723F54CD5973}.Build|Any CPU.ActiveCfg = Release|Any CPU
		{4D74BE50-0F8C-4B99-9E78-723F54CD5973}.Build|Any CPU.Build.0 = Release|Any CPU
		{4D74BE50-0F8C-4B99-9E78-723F54CD5973}.Build|x86.ActiveCfg = Release|Any CPU
		{4D74BE50-0F8C-4B99-9E78-723F54CD5973}.Build|x86.Build.0 = Release|Any CPU
		{4D74BE50-0F8C-4B99-9E78-723F54CD5973}.Debug|Any CPU.ActiveCfg = Debug|Any CPU
		{4D74BE50-0F8C-4B99-9E78-723F54CD5973}.Debug|Any CPU.Build.0 = Debug|Any CPU
		{4D74BE50-0F8C-4B99-9E78-723F54CD5973}.Debug|x86.ActiveCfg = Debug|Any CPU
		{4D74BE50-0F8C-4B99-9E78-723F54CD5973}.Debug|x86.Build.0 = Debug|Any CPU
		{4D74BE50-0F8C-4B99-9E78-723F54CD5973}.Release|Any CPU.ActiveCfg = Release|Any CPU
		{4D74BE50-0F8C-4B99-9E78-723F54CD5973}.Release|Any CPU.Build.0 = Release|Any CPU
		{4D74BE50-0F8C-4B99-9E78-723F54CD5973}.Release|x86.ActiveCfg = Release|Any CPU
		{4D74BE50-0F8C-4B99-9E78-723F54CD5973}.Release|x86.Build.0 = Release|Any CPU
		{687F92F3-7B8D-421A-BE43-4F2B40AEC69A}.Build|Any CPU.ActiveCfg = Release|Any CPU
		{687F92F3-7B8D-421A-BE43-4F2B40AEC69A}.Build|Any CPU.Build.0 = Release|Any CPU
		{687F92F3-7B8D-421A-BE43-4F2B40AEC69A}.Build|x86.ActiveCfg = Release|Any CPU
		{687F92F3-7B8D-421A-BE43-4F2B40AEC69A}.Build|x86.Build.0 = Release|Any CPU
		{687F92F3-7B8D-421A-BE43-4F2B40AEC69A}.Debug|Any CPU.ActiveCfg = Debug|Any CPU
		{687F92F3-7B8D-421A-BE43-4F2B40AEC69A}.Debug|Any CPU.Build.0 = Debug|Any CPU
		{687F92F3-7B8D-421A-BE43-4F2B40AEC69A}.Debug|x86.ActiveCfg = Debug|Any CPU
		{687F92F3-7B8D-421A-BE43-4F2B40AEC69A}.Debug|x86.Build.0 = Debug|Any CPU
		{687F92F3-7B8D-421A-BE43-4F2B40AEC69A}.Release|Any CPU.ActiveCfg = Release|Any CPU
		{687F92F3-7B8D-421A-BE43-4F2B40AEC69A}.Release|Any CPU.Build.0 = Release|Any CPU
		{687F92F3-7B8D-421A-BE43-4F2B40AEC69A}.Release|x86.ActiveCfg = Release|Any CPU
		{687F92F3-7B8D-421A-BE43-4F2B40AEC69A}.Release|x86.Build.0 = Release|Any CPU
		{D7F86F2D-8754-4ED2-B28D-3073517CC237}.Build|Any CPU.ActiveCfg = Release|Any CPU
		{D7F86F2D-8754-4ED2-B28D-3073517CC237}.Build|Any CPU.Build.0 = Release|Any CPU
		{D7F86F2D-8754-4ED2-B28D-3073517CC237}.Build|x86.ActiveCfg = Release|Any CPU
		{D7F86F2D-8754-4ED2-B28D-3073517CC237}.Build|x86.Build.0 = Release|Any CPU
		{D7F86F2D-8754-4ED2-B28D-3073517CC237}.Debug|Any CPU.ActiveCfg = Debug|Any CPU
		{D7F86F2D-8754-4ED2-B28D-3073517CC237}.Debug|Any CPU.Build.0 = Debug|Any CPU
		{D7F86F2D-8754-4ED2-B28D-3073517CC237}.Debug|x86.ActiveCfg = Debug|Any CPU
		{D7F86F2D-8754-4ED2-B28D-3073517CC237}.Debug|x86.Build.0 = Debug|Any CPU
		{D7F86F2D-8754-4ED2-B28D-3073517CC237}.Release|Any CPU.ActiveCfg = Release|Any CPU
		{D7F86F2D-8754-4ED2-B28D-3073517CC237}.Release|Any CPU.Build.0 = Release|Any CPU
		{D7F86F2D-8754-4ED2-B28D-3073517CC237}.Release|x86.ActiveCfg = Release|Any CPU
		{D7F86F2D-8754-4ED2-B28D-3073517CC237}.Release|x86.Build.0 = Release|Any CPU
		{D75C6E16-0208-40FD-8C54-F073667F5384}.Build|Any CPU.ActiveCfg = Release|Any CPU
		{D75C6E16-0208-40FD-8C54-F073667F5384}.Build|Any CPU.Build.0 = Release|Any CPU
		{D75C6E16-0208-40FD-8C54-F073667F5384}.Build|x86.ActiveCfg = Release|Any CPU
		{D75C6E16-0208-40FD-8C54-F073667F5384}.Build|x86.Build.0 = Release|Any CPU
		{D75C6E16-0208-40FD-8C54-F073667F5384}.Debug|Any CPU.ActiveCfg = Debug|Any CPU
		{D75C6E16-0208-40FD-8C54-F073667F5384}.Debug|Any CPU.Build.0 = Debug|Any CPU
		{D75C6E16-0208-40FD-8C54-F073667F5384}.Debug|x86.ActiveCfg = Debug|Any CPU
		{D75C6E16-0208-40FD-8C54-F073667F5384}.Debug|x86.Build.0 = Debug|Any CPU
		{D75C6E16-0208-40FD-8C54-F073667F5384}.Release|Any CPU.ActiveCfg = Release|Any CPU
		{D75C6E16-0208-40FD-8C54-F073667F5384}.Release|Any CPU.Build.0 = Release|Any CPU
		{D75C6E16-0208-40FD-8C54-F073667F5384}.Release|x86.ActiveCfg = Release|Any CPU
		{D75C6E16-0208-40FD-8C54-F073667F5384}.Release|x86.Build.0 = Release|Any CPU
		{1988DB5F-1FA6-4648-939E-89F11761FB94}.Build|Any CPU.ActiveCfg = Release|Any CPU
		{1988DB5F-1FA6-4648-939E-89F11761FB94}.Build|Any CPU.Build.0 = Release|Any CPU
		{1988DB5F-1FA6-4648-939E-89F11761FB94}.Build|x86.ActiveCfg = Release|Any CPU
		{1988DB5F-1FA6-4648-939E-89F11761FB94}.Build|x86.Build.0 = Release|Any CPU
		{1988DB5F-1FA6-4648-939E-89F11761FB94}.Debug|Any CPU.ActiveCfg = Debug|Any CPU
		{1988DB5F-1FA6-4648-939E-89F11761FB94}.Debug|Any CPU.Build.0 = Debug|Any CPU
		{1988DB5F-1FA6-4648-939E-89F11761FB94}.Debug|x86.ActiveCfg = Debug|Any CPU
		{1988DB5F-1FA6-4648-939E-89F11761FB94}.Debug|x86.Build.0 = Debug|Any CPU
		{1988DB5F-1FA6-4648-939E-89F11761FB94}.Release|Any CPU.ActiveCfg = Release|Any CPU
		{1988DB5F-1FA6-4648-939E-89F11761FB94}.Release|Any CPU.Build.0 = Release|Any CPU
		{1988DB5F-1FA6-4648-939E-89F11761FB94}.Release|x86.ActiveCfg = Release|Any CPU
		{1988DB5F-1FA6-4648-939E-89F11761FB94}.Release|x86.Build.0 = Release|Any CPU
		{9CE3BFAB-D572-4BB7-88AC-6379841C23D0}.Build|Any CPU.ActiveCfg = Release|x86
		{9CE3BFAB-D572-4BB7-88AC-6379841C23D0}.Build|Any CPU.Build.0 = Release|x86
		{9CE3BFAB-D572-4BB7-88AC-6379841C23D0}.Build|x86.ActiveCfg = Release|x86
		{9CE3BFAB-D572-4BB7-88AC-6379841C23D0}.Build|x86.Build.0 = Release|x86
		{9CE3BFAB-D572-4BB7-88AC-6379841C23D0}.Debug|Any CPU.ActiveCfg = Debug|x86
		{9CE3BFAB-D572-4BB7-88AC-6379841C23D0}.Debug|x86.ActiveCfg = Debug|x86
		{9CE3BFAB-D572-4BB7-88AC-6379841C23D0}.Debug|x86.Build.0 = Debug|x86
		{9CE3BFAB-D572-4BB7-88AC-6379841C23D0}.Release|Any CPU.ActiveCfg = Release|x86
		{9CE3BFAB-D572-4BB7-88AC-6379841C23D0}.Release|x86.ActiveCfg = Release|x86
		{9CE3BFAB-D572-4BB7-88AC-6379841C23D0}.Release|x86.Build.0 = Release|x86
		{FCB8AB1F-B2E7-4C65-A45D-D8E612B3BA3F}.Build|Any CPU.ActiveCfg = Build|Any CPU
		{FCB8AB1F-B2E7-4C65-A45D-D8E612B3BA3F}.Build|Any CPU.Build.0 = Build|Any CPU
		{FCB8AB1F-B2E7-4C65-A45D-D8E612B3BA3F}.Build|x86.ActiveCfg = Build|Any CPU
		{FCB8AB1F-B2E7-4C65-A45D-D8E612B3BA3F}.Build|x86.Build.0 = Build|Any CPU
		{FCB8AB1F-B2E7-4C65-A45D-D8E612B3BA3F}.Debug|Any CPU.ActiveCfg = Debug|Any CPU
		{FCB8AB1F-B2E7-4C65-A45D-D8E612B3BA3F}.Debug|Any CPU.Build.0 = Debug|Any CPU
		{FCB8AB1F-B2E7-4C65-A45D-D8E612B3BA3F}.Debug|x86.ActiveCfg = Debug|Any CPU
		{FCB8AB1F-B2E7-4C65-A45D-D8E612B3BA3F}.Debug|x86.Build.0 = Debug|Any CPU
		{FCB8AB1F-B2E7-4C65-A45D-D8E612B3BA3F}.Release|Any CPU.ActiveCfg = Release|Any CPU
		{FCB8AB1F-B2E7-4C65-A45D-D8E612B3BA3F}.Release|Any CPU.Build.0 = Release|Any CPU
		{FCB8AB1F-B2E7-4C65-A45D-D8E612B3BA3F}.Release|x86.ActiveCfg = Release|Any CPU
		{FCB8AB1F-B2E7-4C65-A45D-D8E612B3BA3F}.Release|x86.Build.0 = Release|Any CPU
		{9603D04E-CCD3-471A-A454-24CE2D48F047}.Build|Any CPU.ActiveCfg = Release|x86
		{9603D04E-CCD3-471A-A454-24CE2D48F047}.Build|Any CPU.Build.0 = Release|x86
		{9603D04E-CCD3-471A-A454-24CE2D48F047}.Build|x86.ActiveCfg = Release|x86
		{9603D04E-CCD3-471A-A454-24CE2D48F047}.Build|x86.Build.0 = Release|x86
		{9603D04E-CCD3-471A-A454-24CE2D48F047}.Debug|Any CPU.ActiveCfg = Debug|x86
		{9603D04E-CCD3-471A-A454-24CE2D48F047}.Debug|x86.ActiveCfg = Debug|x86
		{9603D04E-CCD3-471A-A454-24CE2D48F047}.Debug|x86.Build.0 = Debug|x86
		{9603D04E-CCD3-471A-A454-24CE2D48F047}.Release|Any CPU.ActiveCfg = Release|x86
		{9603D04E-CCD3-471A-A454-24CE2D48F047}.Release|x86.ActiveCfg = Release|x86
		{9603D04E-CCD3-471A-A454-24CE2D48F047}.Release|x86.Build.0 = Release|x86
	EndGlobalSection
	GlobalSection(SolutionProperties) = preSolution
		HideSolutionNode = FALSE
	EndGlobalSection
	GlobalSection(NestedProjects) = preSolution
		{1101B967-4322-4698-8D82-83DA0B0DACFD} = {0631AAC4-FD6F-47FB-9B3E-7FF95E8C67C5}
		{114014C8-9E85-476A-9BD3-036DE649D6CB} = {0631AAC4-FD6F-47FB-9B3E-7FF95E8C67C5}
		{83EB55B7-DC25-4D02-B6A1-282D29033829} = {938C8AAA-FB3E-438C-B3F3-AB2CBE669FD9}
		{6F8F065A-62A9-48D7-AADC-5E59CBCD1D3A} = {A7A68260-004D-455C-AE56-BFC3AB1136B2}
		{6D148B9D-5B38-4B24-93C8-4B86DDF6D1C6} = {938C8AAA-FB3E-438C-B3F3-AB2CBE669FD9}
		{0A0114C0-4409-42F3-940C-31038104261C} = {1101B967-4322-4698-8D82-83DA0B0DACFD}
		{EAD6662B-2B4A-47A8-A82B-B44463668177} = {1101B967-4322-4698-8D82-83DA0B0DACFD}
		{3405ACFC-77F4-470D-BF75-4754A8214998} = {1101B967-4322-4698-8D82-83DA0B0DACFD}
		{8C047807-786E-4B9C-8DF5-1DF99F75C874} = {114014C8-9E85-476A-9BD3-036DE649D6CB}
		{742E1775-5F08-40E3-97D1-E0EEEB7198F4} = {114014C8-9E85-476A-9BD3-036DE649D6CB}
		{B34154DC-D0F2-4D9C-9BCD-97EF4BA3E958} = {1101B967-4322-4698-8D82-83DA0B0DACFD}
		{41D162BD-95F4-4348-B353-93BA1C3923B4} = {1101B967-4322-4698-8D82-83DA0B0DACFD}
		{881231F8-0F43-453B-81A3-04C8A44F08DB} = {05C5855D-D6FE-4832-89F9-FFDC4A8993E1}
		{E4C16001-BC44-411C-987E-6301EC29BA16} = {05C5855D-D6FE-4832-89F9-FFDC4A8993E1}
		{5A705454-4DDA-42CE-ABEE-03B9899C91F6} = {05C5855D-D6FE-4832-89F9-FFDC4A8993E1}
		{05C5855D-D6FE-4832-89F9-FFDC4A8993E1} = {114014C8-9E85-476A-9BD3-036DE649D6CB}
		{79B56F25-0D75-4EC1-A1DA-627DB46BFF3C} = {8EC4ABCD-EFEC-4BAF-A5DE-008A59A76343}
		{C80D4F91-6E1B-40EF-8B5E-39257D000561} = {05C5855D-D6FE-4832-89F9-FFDC4A8993E1}
		{4D74BE50-0F8C-4B99-9E78-723F54CD5973} = {05C5855D-D6FE-4832-89F9-FFDC4A8993E1}
		{687F92F3-7B8D-421A-BE43-4F2B40AEC69A} = {05C5855D-D6FE-4832-89F9-FFDC4A8993E1}
		{D7F86F2D-8754-4ED2-B28D-3073517CC237} = {1101B967-4322-4698-8D82-83DA0B0DACFD}
		{D75C6E16-0208-40FD-8C54-F073667F5384} = {1101B967-4322-4698-8D82-83DA0B0DACFD}
		{1988DB5F-1FA6-4648-939E-89F11761FB94} = {A7A68260-004D-455C-AE56-BFC3AB1136B2}
		{9CE3BFAB-D572-4BB7-88AC-6379841C23D0} = {938C8AAA-FB3E-438C-B3F3-AB2CBE669FD9}
		{FCB8AB1F-B2E7-4C65-A45D-D8E612B3BA3F} = {A7A68260-004D-455C-AE56-BFC3AB1136B2}
		{9603D04E-CCD3-471A-A454-24CE2D48F047} = {938C8AAA-FB3E-438C-B3F3-AB2CBE669FD9}
	EndGlobalSection
	GlobalSection(ExtensibilityGlobals) = postSolution
		RESX_NeutralResourcesLanguage = en-GB
		SolutionGuid = {3F497AF3-A229-42B3-8947-BD8BCBE64E77}
	EndGlobalSection
EndGlobal
